
Microsoft Visual Studio Solution File, Format Version 10.00
# Visual C++ Express 2008
Project("{8BC9CEB8-8B4A-11D0-8D11-00A0C91BC942}") = "smf2mml", "smf2mml\smf2mml.vcproj", "{C682A2D0-DEA8-4E6D-A860-E31E88F540CE}"
EndProject
Global
	GlobalSection(SolutionConfigurationPlatforms) = preSolution
		Debug|Win32 = Debug|Win32
		Release|Win32 = Release|Win32
	EndGlobalSection
	GlobalSection(ProjectConfigurationPlatforms) = postSolution
		{C682A2D0-DEA8-4E6D-A860-E31E88F540CE}.Debug|Win32.ActiveCfg = Release|Win32
		{C682A2D0-DEA8-4E6D-A860-E31E88F540CE}.Debug|Win32.Build.0 = Release|Win32
		{C682A2D0-DEA8-4E6D-A860-E31E88F540CE}.Release|Win32.ActiveCfg = Release|Win32
		{C682A2D0-DEA8-4E6D-A860-E31E88F540CE}.Release|Win32.Build.0 = Release|Win32
	EndGlobalSection
	GlobalSection(SolutionProperties) = preSolution
		HideSolutionNode = FALSE
	EndGlobalSection
EndGlobal
